
Microsoft Visual Studio Solution File, Format Version 12.00
# Visual Studio Version 17
VisualStudioVersion = 17.2.32210.308
MinimumVisualStudioVersion = 10.0.40219.1
Project("{FAE04EC0-301F-11D3-BF4B-00C04F79EFBC}") = "BlazorECommerceCourse.Server", "BlazorECommerceCourse\Server\BlazorECommerceCourse.Server.csproj", "{292DCED8-541B-4756-A759-10127B4B396C}"
EndProject
Project("{FAE04EC0-301F-11D3-BF4B-00C04F79EFBC}") = "BlazorECommerceCourse.Client", "BlazorECommerceCourse\Client\BlazorECommerceCourse.Client.csproj", "{C9B6B7C1-BBAC-4FB1-8ECC-9DBFA0E5BA48}"
EndProject
Project("{FAE04EC0-301F-11D3-BF4B-00C04F79EFBC}") = "BlazorECommerceCourse.Shared", "BlazorECommerceCourse\Shared\BlazorECommerceCourse.Shared.csproj", "{339833F9-9E24-4840-8494-7D5591366F1A}"
EndProject
Global
	GlobalSection(SolutionConfigurationPlatforms) = preSolution
		Debug|Any CPU = Debug|Any CPU
		Release|Any CPU = Release|Any CPU
	EndGlobalSection
	GlobalSection(ProjectConfigurationPlatforms) = postSolution
		{292DCED8-541B-4756-A759-10127B4B396C}.Debug|Any CPU.ActiveCfg = Debug|Any CPU
		{292DCED8-541B-4756-A759-10127B4B396C}.Debug|Any CPU.Build.0 = Debug|Any CPU
		{292DCED8-541B-4756-A759-10127B4B396C}.Release|Any CPU.ActiveCfg = Release|Any CPU
		{292DCED8-541B-4756-A759-10127B4B396C}.Release|Any CPU.Build.0 = Release|Any CPU
		{C9B6B7C1-BBAC-4FB1-8ECC-9DBFA0E5BA48}.Debug|Any CPU.ActiveCfg = Debug|Any CPU
		{C9B6B7C1-BBAC-4FB1-8ECC-9DBFA0E5BA48}.Debug|Any CPU.Build.0 = Debug|Any CPU
		{C9B6B7C1-BBAC-4FB1-8ECC-9DBFA0E5BA48}.Release|Any CPU.ActiveCfg = Release|Any CPU
		{C9B6B7C1-BBAC-4FB1-8ECC-9DBFA0E5BA48}.Release|Any CPU.Build.0 = Release|Any CPU
		{339833F9-9E24-4840-8494-7D5591366F1A}.Debug|Any CPU.ActiveCfg = Debug|Any CPU
		{339833F9-9E24-4840-8494-7D5591366F1A}.Debug|Any CPU.Build.0 = Debug|Any CPU
		{339833F9-9E24-4840-8494-7D5591366F1A}.Release|Any CPU.ActiveCfg = Release|Any CPU
		{339833F9-9E24-4840-8494-7D5591366F1A}.Release|Any CPU.Build.0 = Release|Any CPU
	EndGlobalSection
	GlobalSection(SolutionProperties) = preSolution
		HideSolutionNode = FALSE
	EndGlobalSection
	GlobalSection(ExtensibilityGlobals) = postSolution
		SolutionGuid = {E87E5429-194F-4973-BA07-B7377C13F830}
	EndGlobalSection
EndGlobal
